// !$*UTF8*$!
{
	archiveVersion = 1;
	classes = {
	};
	objectVersion = 46;
	objects = {

/* Begin PBXBuildFile section */
		ADCF85CE1F04AA05004B90BB /* main.m in Sources */ = {isa = PBXBuildFile; fileRef = ADCF85CD1F04AA05004B90BB /* main.m */; };
		ADCF85D11F04AA05004B90BB /* AppDelegate.m in Sources */ = {isa = PBXBuildFile; fileRef = ADCF85D01F04AA05004B90BB /* AppDelegate.m */; };
		ADCF85D41F04AA05004B90BB /* ViewController.m in Sources */ = {isa = PBXBuildFile; fileRef = ADCF85D31F04AA05004B90BB /* ViewController.m */; };
		ADCF85D71F04AA05004B90BB /* Main.storyboard in Resources */ = {isa = PBXBuildFile; fileRef = ADCF85D51F04AA05004B90BB /* Main.storyboard */; };
		ADCF85D91F04AA05004B90BB /* Assets.xcassets in Resources */ = {isa = PBXBuildFile; fileRef = ADCF85D81F04AA05004B90BB /* Assets.xcassets */; };
		ADCF85DC1F04AA05004B90BB /* LaunchScreen.storyboard in Resources */ = {isa = PBXBuildFile; fileRef = ADCF85DA1F04AA05004B90BB /* LaunchScreen.storyboard */; };
		ADCF85E71F04AA05004B90BB /* xiaoxiaoTests.m in Sources */ = {isa = PBXBuildFile; fileRef = ADCF85E61F04AA05004B90BB /* xiaoxiaoTests.m */; };
		ADCF85F21F04AA05004B90BB /* xiaoxiaoUITests.m in Sources */ = {isa = PBXBuildFile; fileRef = ADCF85F11F04AA05004B90BB /* xiaoxiaoUITests.m */; };
/* End PBXBuildFile section */

/* Begin PBXContainerItemProxy section */
		ADCF85E31F04AA05004B90BB /* PBXContainerItemProxy */ = {
			isa = PBXContainerItemProxy;
			containerPortal = ADCF85C11F04AA05004B90BB /* Project object */;
			proxyType = 1;
			remoteGlobalIDString = ADCF85C81F04AA05004B90BB;
			remoteInfo = xiaoxiao;
		};
		ADCF85EE1F04AA05004B90BB /* PBXContainerItemProxy */ = {
			isa = PBXContainerItemProxy;
			containerPortal = ADCF85C11F04AA05004B90BB /* Project object */;
			proxyType = 1;
			remoteGlobalIDString = ADCF85C81F04AA05004B90BB;
			remoteInfo = xiaoxiao;
		};
/* End PBXContainerItemProxy section */

/* Begin PBXFileReference section */
		ADCF85C91F04AA05004B90BB /* xiaoxiao.app */ = {isa = PBXFileReference; explicitFileType = wrapper.application; includeInIndex = 0; path = xiaoxiao.app; sourceTree = BUILT_PRODUCTS_DIR; };
		ADCF85CD1F04AA05004B90BB /* main.m */ = {isa = PBXFileReference; lastKnownFileType = sourcecode.c.objc; path = main.m; sourceTree = "<group>"; };
		ADCF85CF1F04AA05004B90BB /* AppDelegate.h */ = {isa = PBXFileReference; lastKnownFileType = sourcecode.c.h; path = AppDelegate.h; sourceTree = "<group>"; };
		ADCF85D01F04AA05004B90BB /* AppDelegate.m */ = {isa = PBXFileReference; lastKnownFileType = sourcecode.c.objc; path = AppDelegate.m; sourceTree = "<group>"; };
		ADCF85D21F04AA05004B90BB /* ViewController.h */ = {isa = PBXFileReference; lastKnownFileType = sourcecode.c.h; path = ViewController.h; sourceTree = "<group>"; };
		ADCF85D31F04AA05004B90BB /* ViewController.m */ = {isa = PBXFileReference; lastKnownFileType = sourcecode.c.objc; path = ViewController.m; sourceTree = "<group>"; };
		ADCF85D61F04AA05004B90BB /* Base */ = {isa = PBXFileReference; lastKnownFileType = file.storyboard; name = Base; path = Base.lproj/Main.storyboard; sourceTree = "<group>"; };
		ADCF85D81F04AA05004B90BB /* Assets.xcassets */ = {isa = PBXFileReference; lastKnownFileType = folder.assetcatalog; path = Assets.xcassets; sourceTree = "<group>"; };
		ADCF85DB1F04AA05004B90BB /* Base */ = {isa = PBXFileReference; lastKnownFileType = file.storyboard; name = Base; path = Base.lproj/LaunchScreen.storyboard; sourceTree = "<group>"; };
		ADCF85DD1F04AA05004B90BB /* Info.plist */ = {isa = PBXFileReference; lastKnownFileType = text.plist.xml; path = Info.plist; sourceTree = "<group>"; };
		ADCF85E21F04AA05004B90BB /* xiaoxiaoTests.xctest */ = {isa = PBXFileReference; explicitFileType = wrapper.cfbundle; includeInIndex = 0; path = xiaoxiaoTests.xctest; sourceTree = BUILT_PRODUCTS_DIR; };
		ADCF85E61F04AA05004B90BB /* xiaoxiaoTests.m */ = {isa = PBXFileReference; lastKnownFileType = sourcecode.c.objc; path = xiaoxiaoTests.m; sourceTree = "<group>"; };
		ADCF85E81F04AA05004B90BB /* Info.plist */ = {isa = PBXFileReference; lastKnownFileType = text.plist.xml; path = Info.plist; sourceTree = "<group>"; };
		ADCF85ED1F04AA05004B90BB /* xiaoxiaoUITests.xctest */ = {isa = PBXFileReference; explicitFileType = wrapper.cfbundle; includeInIndex = 0; path = xiaoxiaoUITests.xctest; sourceTree = BUILT_PRODUCTS_DIR; };
		ADCF85F11F04AA05004B90BB /* xiaoxiaoUITests.m */ = {isa = PBXFileReference; lastKnownFileType = sourcecode.c.objc; path = xiaoxiaoUITests.m; sourceTree = "<group>"; };
		ADCF85F31F04AA05004B90BB /* Info.plist */ = {isa = PBXFileReference; lastKnownFileType = text.plist.xml; path = Info.plist; sourceTree = "<group>"; };
/* End PBXFileReference section */

/* Begin PBXFrameworksBuildPhase section */
		ADCF85C61F04AA05004B90BB /* Frameworks */ = {
			isa = PBXFrameworksBuildPhase;
			buildActionMask = 2147483647;
			files = (
			);
			runOnlyForDeploymentPostprocessing = 0;
		};
		ADCF85DF1F04AA05004B90BB /* Frameworks */ = {
			isa = PBXFrameworksBuildPhase;
			buildActionMask = 2147483647;
			files = (
			);
			runOnlyForDeploymentPostprocessing = 0;
		};
		ADCF85EA1F04AA05004B90BB /* Frameworks */ = {
			isa = PBXFrameworksBuildPhase;
			buildActionMask = 2147483647;
			files = (
			);
			runOnlyForDeploymentPostprocessing = 0;
		};
/* End PBXFrameworksBuildPhase section */

/* Begin PBXGroup section */
		ADCF85C01F04AA05004B90BB = {
			isa = PBXGroup;
			children = (
				ADCF85CB1F04AA05004B90BB /* xiaoxiao */,
				ADCF85E51F04AA05004B90BB /* xiaoxiaoTests */,
				ADCF85F01F04AA05004B90BB /* xiaoxiaoUITests */,
				ADCF85CA1F04AA05004B90BB /* Products */,
			);
			sourceTree = "<group>";
		};
		ADCF85CA1F04AA05004B90BB /* Products */ = {
			isa = PBXGroup;
			children = (
				ADCF85C91F04AA05004B90BB /* xiaoxiao.app */,
				ADCF85E21F04AA05004B90BB /* xiaoxiaoTests.xctest */,
				ADCF85ED1F04AA05004B90BB /* xiaoxiaoUITests.xctest */,
			);
			name = Products;
			sourceTree = "<group>";
		};
		ADCF85CB1F04AA05004B90BB /* xiaoxiao */ = {
			isa = PBXGroup;
			children = (
				ADCF85CF1F04AA05004B90BB /* AppDelegate.h */,
				ADCF85D01F04AA05004B90BB /* AppDelegate.m */,
				ADCF85D21F04AA05004B90BB /* ViewController.h */,
				ADCF85D31F04AA05004B90BB /* ViewController.m */,
				ADCF85D51F04AA05004B90BB /* Main.storyboard */,
				ADCF85D81F04AA05004B90BB /* Assets.xcassets */,
				ADCF85DA1F04AA05004B90BB /* LaunchScreen.storyboard */,
				ADCF85DD1F04AA05004B90BB /* Info.plist */,
				ADCF85CC1F04AA05004B90BB /* Supporting Files */,
			);
			path = xiaoxiao;
			sourceTree = "<group>";
		};
		ADCF85CC1F04AA05004B90BB /* Supporting Files */ = {
			isa = PBXGroup;
			children = (
				ADCF85CD1F04AA05004B90BB /* main.m */,
			);
			name = "Supporting Files";
			sourceTree = "<group>";
		};
		ADCF85E51F04AA05004B90BB /* xiaoxiaoTests */ = {
			isa = PBXGroup;
			children = (
				ADCF85E61F04AA05004B90BB /* xiaoxiaoTests.m */,
				ADCF85E81F04AA05004B90BB /* Info.plist */,
			);
			path = xiaoxiaoTests;
			sourceTree = "<group>";
		};
		ADCF85F01F04AA05004B90BB /* xiaoxiaoUITests */ = {
			isa = PBXGroup;
			children = (
				ADCF85F11F04AA05004B90BB /* xiaoxiaoUITests.m */,
				ADCF85F31F04AA05004B90BB /* Info.plist */,
			);
			path = xiaoxiaoUITests;
			sourceTree = "<group>";
		};
/* End PBXGroup section */

/* Begin PBXNativeTarget section */
		ADCF85C81F04AA05004B90BB /* xiaoxiao */ = {
			isa = PBXNativeTarget;
			buildConfigurationList = ADCF85F61F04AA05004B90BB /* Build configuration list for PBXNativeTarget "xiaoxiao" */;
			buildPhases = (
				ADCF85C51F04AA05004B90BB /* Sources */,
				ADCF85C61F04AA05004B90BB /* Frameworks */,
				ADCF85C71F04AA05004B90BB /* Resources */,
			);
			buildRules = (
			);
			dependencies = (
			);
			name = xiaoxiao;
			productName = xiaoxiao;
			productReference = ADCF85C91F04AA05004B90BB /* xiaoxiao.app */;
			productType = "com.apple.product-type.application";
		};
		ADCF85E11F04AA05004B90BB /* xiaoxiaoTests */ = {
			isa = PBXNativeTarget;
			buildConfigurationList = ADCF85F91F04AA05004B90BB /* Build configuration list for PBXNativeTarget "xiaoxiaoTests" */;
			buildPhases = (
				ADCF85DE1F04AA05004B90BB /* Sources */,
				ADCF85DF1F04AA05004B90BB /* Frameworks */,
				ADCF85E01F04AA05004B90BB /* Resources */,
			);
			buildRules = (
			);
			dependencies = (
				ADCF85E41F04AA05004B90BB /* PBXTargetDependency */,
			);
			name = xiaoxiaoTests;
			productName = xiaoxiaoTests;
			productReference = ADCF85E21F04AA05004B90BB /* xiaoxiaoTests.xctest */;
			productType = "com.apple.product-type.bundle.unit-test";
		};
		ADCF85EC1F04AA05004B90BB /* xiaoxiaoUITests */ = {
			isa = PBXNativeTarget;
			buildConfigurationList = ADCF85FC1F04AA05004B90BB /* Build configuration list for PBXNativeTarget "xiaoxiaoUITests" */;
			buildPhases = (
				ADCF85E91F04AA05004B90BB /* Sources */,
				ADCF85EA1F04AA05004B90BB /* Frameworks */,
				ADCF85EB1F04AA05004B90BB /* Resources */,
			);
			buildRules = (
			);
			dependencies = (
				ADCF85EF1F04AA05004B90BB /* PBXTargetDependency */,
			);
			name = xiaoxiaoUITests;
			productName = xiaoxiaoUITests;
			productReference = ADCF85ED1F04AA05004B90BB /* xiaoxiaoUITests.xctest */;
			productType = "com.apple.product-type.bundle.ui-testing";
		};
/* End PBXNativeTarget section */

/* Begin PBXProject section */
		ADCF85C11F04AA05004B90BB /* Project object */ = {
			isa = PBXProject;
			attributes = {
				LastUpgradeCheck = 0830;
				ORGANIZATIONNAME = "李鲁杰";
				TargetAttributes = {
					ADCF85C81F04AA05004B90BB = {
						CreatedOnToolsVersion = 8.3;
						ProvisioningStyle = Automatic;
					};
					ADCF85E11F04AA05004B90BB = {
						CreatedOnToolsVersion = 8.3;
						ProvisioningStyle = Automatic;
						TestTargetID = ADCF85C81F04AA05004B90BB;
					};
					ADCF85EC1F04AA05004B90BB = {
						CreatedOnToolsVersion = 8.3;
						ProvisioningStyle = Automatic;
						TestTargetID = ADCF85C81F04AA05004B90BB;
					};
				};
			};
			buildConfigurationList = ADCF85C41F04AA05004B90BB /* Build configuration list for PBXProject "xiaoxiao" */;
			compatibilityVersion = "Xcode 3.2";
			developmentRegion = English;
			hasScannedForEncodings = 0;
			knownRegions = (
				en,
				Base,
			);
			mainGroup = ADCF85C01F04AA05004B90BB;
			productRefGroup = ADCF85CA1F04AA05004B90BB /* Products */;
			projectDirPath = "";
			projectRoot = "";
			targets = (
				ADCF85C81F04AA05004B90BB /* xiaoxiao */,
				ADCF85E11F04AA05004B90BB /* xiaoxiaoTests */,
				ADCF85EC1F04AA05004B90BB /* xiaoxiaoUITests */,
			);
		};
/* End PBXProject section */

/* Begin PBXResourcesBuildPhase section */
		ADCF85C71F04AA05004B90BB /* Resources */ = {
			isa = PBXResourcesBuildPhase;
			buildActionMask = 2147483647;
			files = (
				ADCF85DC1F04AA05004B90BB /* LaunchScreen.storyboard in Resources */,
				ADCF85D91F04AA05004B90BB /* Assets.xcassets in Resources */,
				ADCF85D71F04AA05004B90BB /* Main.storyboard in Resources */,
			);
			runOnlyForDeploymentPostprocessing = 0;
		};
		ADCF85E01F04AA05004B90BB /* Resources */ = {
			isa = PBXResourcesBuildPhase;
			buildActionMask = 2147483647;
			files = (
			);
			runOnlyForDeploymentPostprocessing = 0;
		};
		ADCF85EB1F04AA05004B90BB /* Resources */ = {
			isa = PBXResourcesBuildPhase;
			buildActionMask = 2147483647;
			files = (
			);
			runOnlyForDeploymentPostprocessing = 0;
		};
/* End PBXResourcesBuildPhase section */

/* Begin PBXSourcesBuildPhase section */
		ADCF85C51F04AA05004B90BB /* Sources */ = {
			isa = PBXSourcesBuildPhase;
			buildActionMask = 2147483647;
			files = (
				ADCF85D41F04AA05004B90BB /* ViewController.m in Sources */,
				ADCF85D11F04AA05004B90BB /* AppDelegate.m in Sources */,
				ADCF85CE1F04AA05004B90BB /* main.m in Sources */,
			);
			runOnlyForDeploymentPostprocessing = 0;
		};
		ADCF85DE1F04AA05004B90BB /* Sources */ = {
			isa = PBXSourcesBuildPhase;
			buildActionMask = 2147483647;
			files = (
				ADCF85E71F04AA05004B90BB /* xiaoxiaoTests.m in Sources */,
			);
			runOnlyForDeploymentPostprocessing = 0;
		};
		ADCF85E91F04AA05004B90BB /* Sources */ = {
			isa = PBXSourcesBuildPhase;
			buildActionMask = 2147483647;
			files = (
				ADCF85F21F04AA05004B90BB /* xiaoxiaoUITests.m in Sources */,
			);
			runOnlyForDeploymentPostprocessing = 0;
		};
/* End PBXSourcesBuildPhase section */

/* Begin PBXTargetDependency section */
		ADCF85E41F04AA05004B90BB /* PBXTargetDependency */ = {
			isa = PBXTargetDependency;
			target = ADCF85C81F04AA05004B90BB /* xiaoxiao */;
			targetProxy = ADCF85E31F04AA05004B90BB /* PBXContainerItemProxy */;
		};
		ADCF85EF1F04AA05004B90BB /* PBXTargetDependency */ = {
			isa = PBXTargetDependency;
			target = ADCF85C81F04AA05004B90BB /* xiaoxiao */;
			targetProxy = ADCF85EE1F04AA05004B90BB /* PBXContainerItemProxy */;
		};
/* End PBXTargetDependency section */

/* Begin PBXVariantGroup section */
		ADCF85D51F04AA05004B90BB /* Main.storyboard */ = {
			isa = PBXVariantGroup;
			children = (
				ADCF85D61F04AA05004B90BB /* Base */,
			);
			name = Main.storyboard;
			sourceTree = "<group>";
		};
		ADCF85DA1F04AA05004B90BB /* LaunchScreen.storyboard */ = {
			isa = PBXVariantGroup;
			children = (
				ADCF85DB1F04AA05004B90BB /* Base */,
			);
			name = LaunchScreen.storyboard;
			sourceTree = "<group>";
		};
/* End PBXVariantGroup section */

/* Begin XCBuildConfiguration section */
		ADCF85F41F04AA05004B90BB /* Debug */ = {
			isa = XCBuildConfiguration;
			buildSettings = {
				ALWAYS_SEARCH_USER_PATHS = NO;
				CLANG_ANALYZER_NONNULL = YES;
				CLANG_ANALYZER_NUMBER_OBJECT_CONVERSION = YES_AGGRESSIVE;
				CLANG_CXX_LANGUAGE_STANDARD = "gnu++0x";
				CLANG_CXX_LIBRARY = "libc++";
				CLANG_ENABLE_MODULES = YES;
				CLANG_ENABLE_OBJC_ARC = YES;
				CLANG_WARN_BOOL_CONVERSION = YES;
				CLANG_WARN_CONSTANT_CONVERSION = YES;
				CLANG_WARN_DIRECT_OBJC_ISA_USAGE = YES_ERROR;
				CLANG_WARN_DOCUMENTATION_COMMENTS = YES;
				CLANG_WARN_EMPTY_BODY = YES;
				CLANG_WARN_ENUM_CONVERSION = YES;
				CLANG_WARN_INFINITE_RECURSION = YES;
				CLANG_WARN_INT_CONVERSION = YES;
				CLANG_WARN_OBJC_ROOT_CLASS = YES_ERROR;
				CLANG_WARN_SUSPICIOUS_MOVE = YES;
				CLANG_WARN_UNREACHABLE_CODE = YES;
				CLANG_WARN__DUPLICATE_METHOD_MATCH = YES;
				"CODE_SIGN_IDENTITY[sdk=iphoneos*]" = "iPhone Developer";
				COPY_PHASE_STRIP = NO;
				DEBUG_INFORMATION_FORMAT = dwarf;
				ENABLE_STRICT_OBJC_MSGSEND = YES;
				ENABLE_TESTABILITY = YES;
				GCC_C_LANGUAGE_STANDARD = gnu99;
				GCC_DYNAMIC_NO_PIC = NO;
				GCC_NO_COMMON_BLOCKS = YES;
				GCC_OPTIMIZATION_LEVEL = 0;
				GCC_PREPROCESSOR_DEFINITIONS = (
					"DEBUG=1",
					"$(inherited)",
				);
				GCC_WARN_64_TO_32_BIT_CONVERSION = YES;
				GCC_WARN_ABOUT_RETURN_TYPE = YES_ERROR;
				GCC_WARN_UNDECLARED_SELECTOR = YES;
				GCC_WARN_UNINITIALIZED_AUTOS = YES_AGGRESSIVE;
				GCC_WARN_UNUSED_FUNCTION = YES;
				GCC_WARN_UNUSED_VARIABLE = YES;
				IPHONEOS_DEPLOYMENT_TARGET = 10.3;
				MTL_ENABLE_DEBUG_INFO = YES;
				ONLY_ACTIVE_ARCH = YES;
				SDKROOT = iphoneos;
				TARGETED_DEVICE_FAMILY = "1,2";
			};
			name = Debug;
		};
		ADCF85F51F04AA05004B90BB /* Release */ = {
			isa = XCBuildConfiguration;
			buildSettings = {
				ALWAYS_SEARCH_USER_PATHS = NO;
				CLANG_ANALYZER_NONNULL = YES;
				CLANG_ANALYZER_NUMBER_OBJECT_CONVERSION = YES_AGGRESSIVE;
				CLANG_CXX_LANGUAGE_STANDARD = "gnu++0x";
				CLANG_CXX_LIBRARY = "libc++";
				CLANG_ENABLE_MODULES = YES;
				CLANG_ENABLE_OBJC_ARC = YES;
				CLANG_WARN_BOOL_CONVERSION = YES;
				CLANG_WARN_CONSTANT_CONVERSION = YES;
				CLANG_WARN_DIRECT_OBJC_ISA_USAGE = YES_ERROR;
				CLANG_WARN_DOCUMENTATION_COMMENTS = YES;
				CLANG_WARN_EMPTY_BODY = YES;
				CLANG_WARN_ENUM_CONVERSION = YES;
				CLANG_WARN_INFINITE_RECURSION = YES;
				CLANG_WARN_INT_CONVERSION = YES;
				CLANG_WARN_OBJC_ROOT_CLASS = YES_ERROR;
				CLANG_WARN_SUSPICIOUS_MOVE = YES;
				CLANG_WARN_UNREACHABLE_CODE = YES;
				CLANG_WARN__DUPLICATE_METHOD_MATCH = YES;
				"CODE_SIGN_IDENTITY[sdk=iphoneos*]" = "iPhone Developer";
				COPY_PHASE_STRIP = NO;
				DEBUG_INFORMATION_FORMAT = "dwarf-with-dsym";
				ENABLE_NS_ASSERTIONS = NO;
				ENABLE_STRICT_OBJC_MSGSEND = YES;
				GCC_C_LANGUAGE_STANDARD = gnu99;
				GCC_NO_COMMON_BLOCKS = YES;
				GCC_WARN_64_TO_32_BIT_CONVERSION = YES;
				GCC_WARN_ABOUT_RETURN_TYPE = YES_ERROR;
				GCC_WARN_UNDECLARED_SELECTOR = YES;
				GCC_WARN_UNINITIALIZED_AUTOS = YES_AGGRESSIVE;
				GCC_WARN_UNUSED_FUNCTION = YES;
				GCC_WARN_UNUSED_VARIABLE = YES;
				IPHONEOS_DEPLOYMENT_TARGET = 10.3;
				MTL_ENABLE_DEBUG_INFO = NO;
				SDKROOT = iphoneos;
				TARGETED_DEVICE_FAMILY = "1,2";
				VALIDATE_PRODUCT = YES;
			};
			name = Release;
		};
		ADCF85F71F04AA05004B90BB /* Debug */ = {
			isa = XCBuildConfiguration;
			buildSettings = {
				ASSETCATALOG_COMPILER_APPICON_NAME = AppIcon;
				INFOPLIST_FILE = xiaoxiao/Info.plist;
				LD_RUNPATH_SEARCH_PATHS = "$(inherited) @executable_path/Frameworks";
				PRODUCT_BUNDLE_IDENTIFIER = xiaocaifa.xiaoxiao;
				PRODUCT_NAME = "$(TARGET_NAME)";
			};
			name = Debug;
		};
		ADCF85F81F04AA05004B90BB /* Release */ = {
			isa = XCBuildConfiguration;
			buildSettings = {
				ASSETCATALOG_COMPILER_APPICON_NAME = AppIcon;
				INFOPLIST_FILE = xiaoxiao/Info.plist;
				LD_RUNPATH_SEARCH_PATHS = "$(inherited) @executable_path/Frameworks";
				PRODUCT_BUNDLE_IDENTIFIER = xiaocaifa.xiaoxiao;
				PRODUCT_NAME = "$(TARGET_NAME)";
			};
			name = Release;
		};
		ADCF85FA1F04AA05004B90BB /* Debug */ = {
			isa = XCBuildConfiguration;
			buildSettings = {
				BUNDLE_LOADER = "$(TEST_HOST)";
				INFOPLIST_FILE = xiaoxiaoTests/Info.plist;
				LD_RUNPATH_SEARCH_PATHS = "$(inherited) @executable_path/Frameworks @loader_path/Frameworks";
				PRODUCT_BUNDLE_IDENTIFIER = xiaocaifa.xiaoxiaoTests;
				PRODUCT_NAME = "$(TARGET_NAME)";
				TEST_HOST = "$(BUILT_PRODUCTS_DIR)/xiaoxiao.app/xiaoxiao";
			};
			name = Debug;
		};
		ADCF85FB1F04AA05004B90BB /* Release */ = {
			isa = XCBuildConfiguration;
			buildSettings = {
				BUNDLE_LOADER = "$(TEST_HOST)";
				INFOPLIST_FILE = xiaoxiaoTests/Info.plist;
				LD_RUNPATH_SEARCH_PATHS = "$(inherited) @executable_path/Frameworks @loader_path/Frameworks";
				PRODUCT_BUNDLE_IDENTIFIER = xiaocaifa.xiaoxiaoTests;
				PRODUCT_NAME = "$(TARGET_NAME)";
				TEST_HOST = "$(BUILT_PRODUCTS_DIR)/xiaoxiao.app/xiaoxiao";
			};
			name = Release;
		};
		ADCF85FD1F04AA05004B90BB /* Debug */ = {
			isa = XCBuildConfiguration;
			buildSettings = {
				INFOPLIST_FILE = xiaoxiaoUITests/Info.plist;
				LD_RUNPATH_SEARCH_PATHS = "$(inherited) @executable_path/Frameworks @loader_path/Frameworks";
				PRODUCT_BUNDLE_IDENTIFIER = xiaocaifa.xiaoxiaoUITests;
				PRODUCT_NAME = "$(TARGET_NAME)";
				TEST_TARGET_NAME = xiaoxiao;
			};
			name = Debug;
		};
		ADCF85FE1F04AA05004B90BB /* Release */ = {
			isa = XCBuildConfiguration;
			buildSettings = {
				INFOPLIST_FILE = xiaoxiaoUITests/Info.plist;
				LD_RUNPATH_SEARCH_PATHS = "$(inherited) @executable_path/Frameworks @loader_path/Frameworks";
				PRODUCT_BUNDLE_IDENTIFIER = xiaocaifa.xiaoxiaoUITests;
				PRODUCT_NAME = "$(TARGET_NAME)";
				TEST_TARGET_NAME = xiaoxiao;
			};
			name = Release;
		};
/* End XCBuildConfiguration section */

/* Begin XCConfigurationList section */
		ADCF85C41F04AA05004B90BB /* Build configuration list for PBXProject "xiaoxiao" */ = {
			isa = XCConfigurationList;
			buildConfigurations = (
				ADCF85F41F04AA05004B90BB /* Debug */,
				ADCF85F51F04AA05004B90BB /* Release */,
			);
			defaultConfigurationIsVisible = 0;
			defaultConfigurationName = Release;
		};
		ADCF85F61F04AA05004B90BB /* Build configuration list for PBXNativeTarget "xiaoxiao" */ = {
			isa = XCConfigurationList;
			buildConfigurations = (
				ADCF85F71F04AA05004B90BB /* Debug */,
				ADCF85F81F04AA05004B90BB /* Release */,
			);
			defaultConfigurationIsVisible = 0;
		};
		ADCF85F91F04AA05004B90BB /* Build configuration list for PBXNativeTarget "xiaoxiaoTests" */ = {
			isa = XCConfigurationList;
			buildConfigurations = (
				ADCF85FA1F04AA05004B90BB /* Debug */,
				ADCF85FB1F04AA05004B90BB /* Release */,
			);
			defaultConfigurationIsVisible = 0;
		};
		ADCF85FC1F04AA05004B90BB /* Build configuration list for PBXNativeTarget "xiaoxiaoUITests" */ = {
			isa = XCConfigurationList;
			buildConfigurations = (
				ADCF85FD1F04AA05004B90BB /* Debug */,
				ADCF85FE1F04AA05004B90BB /* Release */,
			);
			defaultConfigurationIsVisible = 0;
		};
/* End XCConfigurationList section */
	};
	rootObject = ADCF85C11F04AA05004B90BB /* Project object */;
}
